// !$*UTF8*$!
{
	archiveVersion = 1;
	classes = {
	};
	objectVersion = 50;
	objects = {

/* Begin PBXBuildFile section */
		A21638E226B710A900DF0D37 /* AlertControllerVC.swift in Sources */ = {isa = PBXBuildFile; fileRef = A21638E126B710A900DF0D37 /* AlertControllerVC.swift */; };
		A21F4A5926AEB05B001E39D6 /* TextViewVC.swift in Sources */ = {isa = PBXBuildFile; fileRef = A21F4A5826AEB05B001E39D6 /* TextViewVC.swift */; };
		A21F4A5B26AED9D2001E39D6 /* MenuVC.swift in Sources */ = {isa = PBXBuildFile; fileRef = A21F4A5A26AED9D2001E39D6 /* MenuVC.swift */; };
		A21F4A5D26AF0DB6001E39D6 /* ImageViewVC.swift in Sources */ = {isa = PBXBuildFile; fileRef = A21F4A5C26AF0DB6001E39D6 /* ImageViewVC.swift */; };
		A21F4A6026AF2568001E39D6 /* SwitchVC.swift in Sources */ = {isa = PBXBuildFile; fileRef = A21F4A5F26AF2568001E39D6 /* SwitchVC.swift */; };
		A26A3DEF26B464C20008C590 /* DatePickerVC.swift in Sources */ = {isa = PBXBuildFile; fileRef = A26A3DEE26B464C20008C590 /* DatePickerVC.swift */; };
		A28906DE26AFFF7900034CD1 /* SliderVC.swift in Sources */ = {isa = PBXBuildFile; fileRef = A28906DD26AFFF7800034CD1 /* SliderVC.swift */; };
		A28906E026B0168300034CD1 /* ViewVC.swift in Sources */ = {isa = PBXBuildFile; fileRef = A28906DF26B0168300034CD1 /* ViewVC.swift */; };
		A28906E226B0274F00034CD1 /* PickerViewVC.swift in Sources */ = {isa = PBXBuildFile; fileRef = A28906E126B0274F00034CD1 /* PickerViewVC.swift */; };
		A29C95AE269EB32700488036 /* AppDelegate.swift in Sources */ = {isa = PBXBuildFile; fileRef = A29C95AD269EB32700488036 /* AppDelegate.swift */; };
		A29C95B0269EB32700488036 /* SceneDelegate.swift in Sources */ = {isa = PBXBuildFile; fileRef = A29C95AF269EB32700488036 /* SceneDelegate.swift */; };
		A29C95B2269EB32700488036 /* LabelVC.swift in Sources */ = {isa = PBXBuildFile; fileRef = A29C95B1269EB32700488036 /* LabelVC.swift */; };
		A29C95B5269EB32700488036 /* Main.storyboard in Resources */ = {isa = PBXBuildFile; fileRef = A29C95B3269EB32700488036 /* Main.storyboard */; };
		A29C95B7269EB32800488036 /* Assets.xcassets in Resources */ = {isa = PBXBuildFile; fileRef = A29C95B6269EB32800488036 /* Assets.xcassets */; };
		A29C95BA269EB32800488036 /* LaunchScreen.storyboard in Resources */ = {isa = PBXBuildFile; fileRef = A29C95B8269EB32800488036 /* LaunchScreen.storyboard */; };
		A2BBBDD326B810F5004AC00F /* UIColor + Extension.swift in Sources */ = {isa = PBXBuildFile; fileRef = A2BBBDD226B810F5004AC00F /* UIColor + Extension.swift */; };
		A2BBBDD626B81190004AC00F /* ActivityViewControllerVC.swift in Sources */ = {isa = PBXBuildFile; fileRef = A2BBBDD526B81190004AC00F /* ActivityViewControllerVC.swift */; };
		A2BBBDDB26B846D2004AC00F /* MyCustomActivity.swift in Sources */ = {isa = PBXBuildFile; fileRef = A2BBBDDA26B846D2004AC00F /* MyCustomActivity.swift */; };
		A2DDC21026B56E640059262D /* SegmentedControlVC.swift in Sources */ = {isa = PBXBuildFile; fileRef = A2DDC20F26B56E640059262D /* SegmentedControlVC.swift */; };
		A2F027D826A1E62300056367 /* ButtonVC.swift in Sources */ = {isa = PBXBuildFile; fileRef = A2F027D726A1E62300056367 /* ButtonVC.swift */; };
/* End PBXBuildFile section */

/* Begin PBXFileReference section */
		A21638E126B710A900DF0D37 /* AlertControllerVC.swift */ = {isa = PBXFileReference; lastKnownFileType = sourcecode.swift; path = AlertControllerVC.swift; sourceTree = "<group>"; };
		A21F4A5826AEB05B001E39D6 /* TextViewVC.swift */ = {isa = PBXFileReference; lastKnownFileType = sourcecode.swift; path = TextViewVC.swift; sourceTree = "<group>"; };
		A21F4A5A26AED9D2001E39D6 /* MenuVC.swift */ = {isa = PBXFileReference; lastKnownFileType = sourcecode.swift; path = MenuVC.swift; sourceTree = "<group>"; };
		A21F4A5C26AF0DB6001E39D6 /* ImageViewVC.swift */ = {isa = PBXFileReference; lastKnownFileType = sourcecode.swift; path = ImageViewVC.swift; sourceTree = "<group>"; };
		A21F4A5F26AF2568001E39D6 /* SwitchVC.swift */ = {isa = PBXFileReference; lastKnownFileType = sourcecode.swift; path = SwitchVC.swift; sourceTree = "<group>"; };
		A26A3DEE26B464C20008C590 /* DatePickerVC.swift */ = {isa = PBXFileReference; lastKnownFileType = sourcecode.swift; path = DatePickerVC.swift; sourceTree = "<group>"; };
		A28906DD26AFFF7800034CD1 /* SliderVC.swift */ = {isa = PBXFileReference; lastKnownFileType = sourcecode.swift; path = SliderVC.swift; sourceTree = "<group>"; };
		A28906DF26B0168300034CD1 /* ViewVC.swift */ = {isa = PBXFileReference; lastKnownFileType = sourcecode.swift; path = ViewVC.swift; sourceTree = "<group>"; };
		A28906E126B0274F00034CD1 /* PickerViewVC.swift */ = {isa = PBXFileReference; lastKnownFileType = sourcecode.swift; path = PickerViewVC.swift; sourceTree = "<group>"; };
		A29C95AA269EB32700488036 /* UI Elements.app */ = {isa = PBXFileReference; explicitFileType = wrapper.application; includeInIndex = 0; path = "UI Elements.app"; sourceTree = BUILT_PRODUCTS_DIR; };
		A29C95AD269EB32700488036 /* AppDelegate.swift */ = {isa = PBXFileReference; lastKnownFileType = sourcecode.swift; path = AppDelegate.swift; sourceTree = "<group>"; };
		A29C95AF269EB32700488036 /* SceneDelegate.swift */ = {isa = PBXFileReference; lastKnownFileType = sourcecode.swift; path = SceneDelegate.swift; sourceTree = "<group>"; };
		A29C95B1269EB32700488036 /* LabelVC.swift */ = {isa = PBXFileReference; lastKnownFileType = sourcecode.swift; path = LabelVC.swift; sourceTree = "<group>"; };
		A29C95B4269EB32700488036 /* Base */ = {isa = PBXFileReference; lastKnownFileType = file.storyboard; name = Base; path = Base.lproj/Main.storyboard; sourceTree = "<group>"; };
		A29C95B6269EB32800488036 /* Assets.xcassets */ = {isa = PBXFileReference; lastKnownFileType = folder.assetcatalog; path = Assets.xcassets; sourceTree = "<group>"; };
		A29C95B9269EB32800488036 /* Base */ = {isa = PBXFileReference; lastKnownFileType = file.storyboard; name = Base; path = Base.lproj/LaunchScreen.storyboard; sourceTree = "<group>"; };
		A29C95BB269EB32800488036 /* Info.plist */ = {isa = PBXFileReference; lastKnownFileType = text.plist.xml; path = Info.plist; sourceTree = "<group>"; };
		A2BBBDD226B810F5004AC00F /* UIColor + Extension.swift */ = {isa = PBXFileReference; lastKnownFileType = sourcecode.swift; path = "UIColor + Extension.swift"; sourceTree = "<group>"; };
		A2BBBDD526B81190004AC00F /* ActivityViewControllerVC.swift */ = {isa = PBXFileReference; lastKnownFileType = sourcecode.swift; path = ActivityViewControllerVC.swift; sourceTree = "<group>"; };
		A2BBBDDA26B846D2004AC00F /* MyCustomActivity.swift */ = {isa = PBXFileReference; lastKnownFileType = sourcecode.swift; path = MyCustomActivity.swift; sourceTree = "<group>"; };
		A2DDC20F26B56E640059262D /* SegmentedControlVC.swift */ = {isa = PBXFileReference; lastKnownFileType = sourcecode.swift; path = SegmentedControlVC.swift; sourceTree = "<group>"; };
		A2F027D726A1E62300056367 /* ButtonVC.swift */ = {isa = PBXFileReference; lastKnownFileType = sourcecode.swift; path = ButtonVC.swift; sourceTree = "<group>"; };
/* End PBXFileReference section */

/* Begin PBXFrameworksBuildPhase section */
		A29C95A7269EB32700488036 /* Frameworks */ = {
			isa = PBXFrameworksBuildPhase;
			buildActionMask = 2147483647;
			files = (
			);
			runOnlyForDeploymentPostprocessing = 0;
		};
/* End PBXFrameworksBuildPhase section */

/* Begin PBXGroup section */
		A21F4A5E26AF0DBE001E39D6 /* Controllers */ = {
			isa = PBXGroup;
			children = (
				A21F4A5A26AED9D2001E39D6 /* MenuVC.swift */,
				A28906DF26B0168300034CD1 /* ViewVC.swift */,
				A29C95B1269EB32700488036 /* LabelVC.swift */,
				A2F027D726A1E62300056367 /* ButtonVC.swift */,
				A21F4A5C26AF0DB6001E39D6 /* ImageViewVC.swift */,
				A21F4A5826AEB05B001E39D6 /* TextViewVC.swift */,
				A21F4A5F26AF2568001E39D6 /* SwitchVC.swift */,
				A28906DD26AFFF7800034CD1 /* SliderVC.swift */,
				A28906E126B0274F00034CD1 /* PickerViewVC.swift */,
				A26A3DEE26B464C20008C590 /* DatePickerVC.swift */,
				A2DDC20F26B56E640059262D /* SegmentedControlVC.swift */,
				A21638E126B710A900DF0D37 /* AlertControllerVC.swift */,
				A2BBBDD526B81190004AC00F /* ActivityViewControllerVC.swift */,
			);
			path = Controllers;
			sourceTree = "<group>";
		};
		A29C95A1269EB32700488036 = {
			isa = PBXGroup;
			children = (
				A29C95AC269EB32700488036 /* UI Elements */,
				A29C95AB269EB32700488036 /* Products */,
			);
			sourceTree = "<group>";
		};
		A29C95AB269EB32700488036 /* Products */ = {
			isa = PBXGroup;
			children = (
				A29C95AA269EB32700488036 /* UI Elements.app */,
			);
			name = Products;
			sourceTree = "<group>";
		};
		A29C95AC269EB32700488036 /* UI Elements */ = {
			isa = PBXGroup;
			children = (
				A29C95AD269EB32700488036 /* AppDelegate.swift */,
				A29C95AF269EB32700488036 /* SceneDelegate.swift */,
				A21F4A5E26AF0DBE001E39D6 /* Controllers */,
				A2BBBDD926B8338E004AC00F /* Support */,
				A2BBBDD426B810FA004AC00F /* Extensions */,
				A29C95B3269EB32700488036 /* Main.storyboard */,
				A29C95B6269EB32800488036 /* Assets.xcassets */,
				A29C95B8269EB32800488036 /* LaunchScreen.storyboard */,
				A29C95BB269EB32800488036 /* Info.plist */,
			);
			path = "UI Elements";
			sourceTree = "<group>";
		};
		A2BBBDD426B810FA004AC00F /* Extensions */ = {
			isa = PBXGroup;
			children = (
				A2BBBDD226B810F5004AC00F /* UIColor + Extension.swift */,
				A2BBBDDA26B846D2004AC00F /* MyCustomActivity.swift */,
			);
			path = Extensions;
			sourceTree = "<group>";
		};
		A2BBBDD926B8338E004AC00F /* Support */ = {
			isa = PBXGroup;
			children = (
			);
			path = Support;
			sourceTree = "<group>";
		};
/* End PBXGroup section */

/* Begin PBXNativeTarget section */
		A29C95A9269EB32700488036 /* UI Elements */ = {
			isa = PBXNativeTarget;
			buildConfigurationList = A29C95BE269EB32800488036 /* Build configuration list for PBXNativeTarget "UI Elements" */;
			buildPhases = (
				A29C95A6269EB32700488036 /* Sources */,
				A29C95A7269EB32700488036 /* Frameworks */,
				A29C95A8269EB32700488036 /* Resources */,
			);
			buildRules = (
			);
			dependencies = (
			);
			name = "UI Elements";
			productName = "UI Elements";
			productReference = A29C95AA269EB32700488036 /* UI Elements.app */;
			productType = "com.apple.product-type.application";
		};
/* End PBXNativeTarget section */

/* Begin PBXProject section */
		A29C95A2269EB32700488036 /* Project object */ = {
			isa = PBXProject;
			attributes = {
				LastSwiftUpdateCheck = 1250;
				LastUpgradeCheck = 1250;
				TargetAttributes = {
					A29C95A9269EB32700488036 = {
						CreatedOnToolsVersion = 12.5;
					};
				};
			};
			buildConfigurationList = A29C95A5269EB32700488036 /* Build configuration list for PBXProject "UI Elements" */;
			compatibilityVersion = "Xcode 9.3";
			developmentRegion = en;
			hasScannedForEncodings = 0;
			knownRegions = (
				en,
				Base,
			);
			mainGroup = A29C95A1269EB32700488036;
			productRefGroup = A29C95AB269EB32700488036 /* Products */;
			projectDirPath = "";
			projectRoot = "";
			targets = (
				A29C95A9269EB32700488036 /* UI Elements */,
			);
		};
/* End PBXProject section */

/* Begin PBXResourcesBuildPhase section */
		A29C95A8269EB32700488036 /* Resources */ = {
			isa = PBXResourcesBuildPhase;
			buildActionMask = 2147483647;
			files = (
				A29C95BA269EB32800488036 /* LaunchScreen.storyboard in Resources */,
				A29C95B7269EB32800488036 /* Assets.xcassets in Resources */,
				A29C95B5269EB32700488036 /* Main.storyboard in Resources */,
			);
			runOnlyForDeploymentPostprocessing = 0;
		};
/* End PBXResourcesBuildPhase section */

/* Begin PBXSourcesBuildPhase section */
		A29C95A6269EB32700488036 /* Sources */ = {
			isa = PBXSourcesBuildPhase;
			buildActionMask = 2147483647;
			files = (
				A29C95B2269EB32700488036 /* LabelVC.swift in Sources */,
				A28906E026B0168300034CD1 /* ViewVC.swift in Sources */,
				A21F4A5D26AF0DB6001E39D6 /* ImageViewVC.swift in Sources */,
				A29C95AE269EB32700488036 /* AppDelegate.swift in Sources */,
				A21F4A5926AEB05B001E39D6 /* TextViewVC.swift in Sources */,
				A21F4A6026AF2568001E39D6 /* SwitchVC.swift in Sources */,
				A28906E226B0274F00034CD1 /* PickerViewVC.swift in Sources */,
				A2DDC21026B56E640059262D /* SegmentedControlVC.swift in Sources */,
				A2F027D826A1E62300056367 /* ButtonVC.swift in Sources */,
				A2BBBDD326B810F5004AC00F /* UIColor + Extension.swift in Sources */,
				A21638E226B710A900DF0D37 /* AlertControllerVC.swift in Sources */,
				A28906DE26AFFF7900034CD1 /* SliderVC.swift in Sources */,
				A29C95B0269EB32700488036 /* SceneDelegate.swift in Sources */,
				A26A3DEF26B464C20008C590 /* DatePickerVC.swift in Sources */,
				A21F4A5B26AED9D2001E39D6 /* MenuVC.swift in Sources */,
				A2BBBDD626B81190004AC00F /* ActivityViewControllerVC.swift in Sources */,
				A2BBBDDB26B846D2004AC00F /* MyCustomActivity.swift in Sources */,
			);
			runOnlyForDeploymentPostprocessing = 0;
		};
/* End PBXSourcesBuildPhase section */

/* Begin PBXVariantGroup section */
		A29C95B3269EB32700488036 /* Main.storyboard */ = {
			isa = PBXVariantGroup;
			children = (
				A29C95B4269EB32700488036 /* Base */,
			);
			name = Main.storyboard;
			sourceTree = "<group>";
		};
		A29C95B8269EB32800488036 /* LaunchScreen.storyboard */ = {
			isa = PBXVariantGroup;
			children = (
				A29C95B9269EB32800488036 /* Base */,
			);
			name = LaunchScreen.storyboard;
			sourceTree = "<group>";
		};
/* End PBXVariantGroup section */

/* Begin XCBuildConfiguration section */
		A29C95BC269EB32800488036 /* Debug */ = {
			isa = XCBuildConfiguration;
			buildSettings = {
				ALWAYS_SEARCH_USER_PATHS = NO;
				CLANG_ANALYZER_NONNULL = YES;
				CLANG_ANALYZER_NUMBER_OBJECT_CONVERSION = YES_AGGRESSIVE;
				CLANG_CXX_LANGUAGE_STANDARD = "gnu++14";
				CLANG_CXX_LIBRARY = "libc++";
				CLANG_ENABLE_MODULES = YES;
				CLANG_ENABLE_OBJC_ARC = YES;
				CLANG_ENABLE_OBJC_WEAK = YES;
				CLANG_WARN_BLOCK_CAPTURE_AUTORELEASING = YES;
				CLANG_WARN_BOOL_CONVERSION = YES;
				CLANG_WARN_COMMA = YES;
				CLANG_WARN_CONSTANT_CONVERSION = YES;
				CLANG_WARN_DEPRECATED_OBJC_IMPLEMENTATIONS = YES;
				CLANG_WARN_DIRECT_OBJC_ISA_USAGE = YES_ERROR;
				CLANG_WARN_DOCUMENTATION_COMMENTS = YES;
				CLANG_WARN_EMPTY_BODY = YES;
				CLANG_WARN_ENUM_CONVERSION = YES;
				CLANG_WARN_INFINITE_RECURSION = YES;
				CLANG_WARN_INT_CONVERSION = YES;
				CLANG_WARN_NON_LITERAL_NULL_CONVERSION = YES;
				CLANG_WARN_OBJC_IMPLICIT_RETAIN_SELF = YES;
				CLANG_WARN_OBJC_LITERAL_CONVERSION = YES;
				CLANG_WARN_OBJC_ROOT_CLASS = YES_ERROR;
				CLANG_WARN_QUOTED_INCLUDE_IN_FRAMEWORK_HEADER = YES;
				CLANG_WARN_RANGE_LOOP_ANALYSIS = YES;
				CLANG_WARN_STRICT_PROTOTYPES = YES;
				CLANG_WARN_SUSPICIOUS_MOVE = YES;
				CLANG_WARN_UNGUARDED_AVAILABILITY = YES_AGGRESSIVE;
				CLANG_WARN_UNREACHABLE_CODE = YES;
				CLANG_WARN__DUPLICATE_METHOD_MATCH = YES;
				COPY_PHASE_STRIP = NO;
				DEBUG_INFORMATION_FORMAT = dwarf;
				ENABLE_STRICT_OBJC_MSGSEND = YES;
				ENABLE_TESTABILITY = YES;
				GCC_C_LANGUAGE_STANDARD = gnu11;
				GCC_DYNAMIC_NO_PIC = NO;
				GCC_NO_COMMON_BLOCKS = YES;
				GCC_OPTIMIZATION_LEVEL = 0;
				GCC_PREPROCESSOR_DEFINITIONS = (
					"DEBUG=1",
					"$(inherited)",
				);
				GCC_WARN_64_TO_32_BIT_CONVERSION = YES;
				GCC_WARN_ABOUT_RETURN_TYPE = YES_ERROR;
				GCC_WARN_UNDECLARED_SELECTOR = YES;
				GCC_WARN_UNINITIALIZED_AUTOS = YES_AGGRESSIVE;
				GCC_WARN_UNUSED_FUNCTION = YES;
				GCC_WARN_UNUSED_VARIABLE = YES;
				IPHONEOS_DEPLOYMENT_TARGET = 14.5;
				MTL_ENABLE_DEBUG_INFO = INCLUDE_SOURCE;
				MTL_FAST_MATH = YES;
				ONLY_ACTIVE_ARCH = YES;
				SDKROOT = iphoneos;
				SWIFT_ACTIVE_COMPILATION_CONDITIONS = DEBUG;
				SWIFT_OPTIMIZATION_LEVEL = "-Onone";
			};
			name = Debug;
		};
		A29C95BD269EB32800488036 /* Release */ = {
			isa = XCBuildConfiguration;
			buildSettings = {
				ALWAYS_SEARCH_USER_PATHS = NO;
				CLANG_ANALYZER_NONNULL = YES;
				CLANG_ANALYZER_NUMBER_OBJECT_CONVERSION = YES_AGGRESSIVE;
				CLANG_CXX_LANGUAGE_STANDARD = "gnu++14";
				CLANG_CXX_LIBRARY = "libc++";
				CLANG_ENABLE_MODULES = YES;
				CLANG_ENABLE_OBJC_ARC = YES;
				CLANG_ENABLE_OBJC_WEAK = YES;
				CLANG_WARN_BLOCK_CAPTURE_AUTORELEASING = YES;
				CLANG_WARN_BOOL_CONVERSION = YES;
				CLANG_WARN_COMMA = YES;
				CLANG_WARN_CONSTANT_CONVERSION = YES;
				CLANG_WARN_DEPRECATED_OBJC_IMPLEMENTATIONS = YES;
				CLANG_WARN_DIRECT_OBJC_ISA_USAGE = YES_ERROR;
				CLANG_WARN_DOCUMENTATION_COMMENTS = YES;
				CLANG_WARN_EMPTY_BODY = YES;
				CLANG_WARN_ENUM_CONVERSION = YES;
				CLANG_WARN_INFINITE_RECURSION = YES;
				CLANG_WARN_INT_CONVERSION = YES;
				CLANG_WARN_NON_LITERAL_NULL_CONVERSION = YES;
				CLANG_WARN_OBJC_IMPLICIT_RETAIN_SELF = YES;
				CLANG_WARN_OBJC_LITERAL_CONVERSION = YES;
				CLANG_WARN_OBJC_ROOT_CLASS = YES_ERROR;
				CLANG_WARN_QUOTED_INCLUDE_IN_FRAMEWORK_HEADER = YES;
				CLANG_WARN_RANGE_LOOP_ANALYSIS = YES;
				CLANG_WARN_STRICT_PROTOTYPES = YES;
				CLANG_WARN_SUSPICIOUS_MOVE = YES;
				CLANG_WARN_UNGUARDED_AVAILABILITY = YES_AGGRESSIVE;
				CLANG_WARN_UNREACHABLE_CODE = YES;
				CLANG_WARN__DUPLICATE_METHOD_MATCH = YES;
				COPY_PHASE_STRIP = NO;
				DEBUG_INFORMATION_FORMAT = "dwarf-with-dsym";
				ENABLE_NS_ASSERTIONS = NO;
				ENABLE_STRICT_OBJC_MSGSEND = YES;
				GCC_C_LANGUAGE_STANDARD = gnu11;
				GCC_NO_COMMON_BLOCKS = YES;
				GCC_WARN_64_TO_32_BIT_CONVERSION = YES;
				GCC_WARN_ABOUT_RETURN_TYPE = YES_ERROR;
				GCC_WARN_UNDECLARED_SELECTOR = YES;
				GCC_WARN_UNINITIALIZED_AUTOS = YES_AGGRESSIVE;
				GCC_WARN_UNUSED_FUNCTION = YES;
				GCC_WARN_UNUSED_VARIABLE = YES;
				IPHONEOS_DEPLOYMENT_TARGET = 14.5;
				MTL_ENABLE_DEBUG_INFO = NO;
				MTL_FAST_MATH = YES;
				SDKROOT = iphoneos;
				SWIFT_COMPILATION_MODE = wholemodule;
				SWIFT_OPTIMIZATION_LEVEL = "-O";
				VALIDATE_PRODUCT = YES;
			};
			name = Release;
		};
		A29C95BF269EB32800488036 /* Debug */ = {
			isa = XCBuildConfiguration;
			buildSettings = {
				ASSETCATALOG_COMPILER_APPICON_NAME = AppIcon;
				ASSETCATALOG_COMPILER_GLOBAL_ACCENT_COLOR_NAME = AccentColor;
				CODE_SIGN_STYLE = Automatic;
				DEVELOPMENT_TEAM = U3JHK4U826;
				INFOPLIST_FILE = "UI Elements/Info.plist";
				LD_RUNPATH_SEARCH_PATHS = (
					"$(inherited)",
					"@executable_path/Frameworks",
				);
				PRODUCT_BUNDLE_IDENTIFIER = "YeoCompany.UI-Elements";
				PRODUCT_NAME = "$(TARGET_NAME)";
				SWIFT_VERSION = 5.0;
				TARGETED_DEVICE_FAMILY = "1,2";
			};
			name = Debug;
		};
		A29C95C0269EB32800488036 /* Release */ = {
			isa = XCBuildConfiguration;
			buildSettings = {
				ASSETCATALOG_COMPILER_APPICON_NAME = AppIcon;
				ASSETCATALOG_COMPILER_GLOBAL_ACCENT_COLOR_NAME = AccentColor;
				CODE_SIGN_STYLE = Automatic;
				DEVELOPMENT_TEAM = U3JHK4U826;
				INFOPLIST_FILE = "UI Elements/Info.plist";
				LD_RUNPATH_SEARCH_PATHS = (
					"$(inherited)",
					"@executable_path/Frameworks",
				);
				PRODUCT_BUNDLE_IDENTIFIER = "YeoCompany.UI-Elements";
				PRODUCT_NAME = "$(TARGET_NAME)";
				SWIFT_VERSION = 5.0;
				TARGETED_DEVICE_FAMILY = "1,2";
			};
			name = Release;
		};
/* End XCBuildConfiguration section */

/* Begin XCConfigurationList section */
		A29C95A5269EB32700488036 /* Build configuration list for PBXProject "UI Elements" */ = {
			isa = XCConfigurationList;
			buildConfigurations = (
				A29C95BC269EB32800488036 /* Debug */,
				A29C95BD269EB32800488036 /* Release */,
			);
			defaultConfigurationIsVisible = 0;
			defaultConfigurationName = Release;
		};
		A29C95BE269EB32800488036 /* Build configuration list for PBXNativeTarget "UI Elements" */ = {
			isa = XCConfigurationList;
			buildConfigurations = (
				A29C95BF269EB32800488036 /* Debug */,
				A29C95C0269EB32800488036 /* Release */,
			);
			defaultConfigurationIsVisible = 0;
			defaultConfigurationName = Release;
		};
/* End XCConfigurationList section */
	};
	rootObject = A29C95A2269EB32700488036 /* Project object */;
}
